# This file is automatically @generated by Cargo.
# It is not intended for manual editing.
[[package]]
name = "eager"
version = "0.1.0"
source = "registry+https://github.com/rust-lang/crates.io-index"
checksum = "abe71d579d1812060163dff96056261deb5bf6729b100fa2e36a68b9649ba3d3"

[[package]]
name = "overloading"
version = "0.1.0"
dependencies = [
 "eager",
]
